// !$*UTF8*$!
{
	archiveVersion = 1;
	classes = {
	};
	objectVersion = 56;
	objects = {

/* Begin PBXBuildFile section */
		E328A1582ACA09FF00B3E3B6 /* alarmAppApp.swift in Sources */ = {isa = PBXBuildFile; fileRef = E328A1572ACA09FF00B3E3B6 /* alarmAppApp.swift */; };
		E328A15A2ACA09FF00B3E3B6 /* MainAlarmView.swift in Sources */ = {isa = PBXBuildFile; fileRef = E328A1592ACA09FF00B3E3B6 /* MainAlarmView.swift */; };
		E328A15C2ACA0A0100B3E3B6 /* Assets.xcassets in Resources */ = {isa = PBXBuildFile; fileRef = E328A15B2ACA0A0100B3E3B6 /* Assets.xcassets */; };
		E328A15F2ACA0A0100B3E3B6 /* Preview Assets.xcassets in Resources */ = {isa = PBXBuildFile; fileRef = E328A15E2ACA0A0100B3E3B6 /* Preview Assets.xcassets */; };
		E328A18B2ACA12E400B3E3B6 /* Localizable.strings in Resources */ = {isa = PBXBuildFile; fileRef = E328A18D2ACA12E400B3E3B6 /* Localizable.strings */; };
		E328A1912ACA1A7D00B3E3B6 /* GrayTextView.swift in Sources */ = {isa = PBXBuildFile; fileRef = E328A1902ACA1A7D00B3E3B6 /* GrayTextView.swift */; };
		E3D1CA7C2ACABD1300190621 /* ColorConstants.swift in Sources */ = {isa = PBXBuildFile; fileRef = E3D1CA7B2ACABD1300190621 /* ColorConstants.swift */; };
		E3D1CA7E2ACB05AB00190621 /* TimeOfDayIcon.swift in Sources */ = {isa = PBXBuildFile; fileRef = E3D1CA7D2ACB05AB00190621 /* TimeOfDayIcon.swift */; };
		E3D1CA802ACB067100190621 /* Time&DateSupport.swift in Sources */ = {isa = PBXBuildFile; fileRef = E3D1CA7F2ACB067100190621 /* Time&DateSupport.swift */; };
		E3D1CA822ACC875A00190621 /* TimeModel.swift in Sources */ = {isa = PBXBuildFile; fileRef = E3D1CA812ACC875A00190621 /* TimeModel.swift */; };
		E3D1CA842ACC8C4A00190621 /* AlarmModel.swift in Sources */ = {isa = PBXBuildFile; fileRef = E3D1CA832ACC8C4A00190621 /* AlarmModel.swift */; };
		E3D1CA862ACDC47300190621 /* ActivityConstans.swift in Sources */ = {isa = PBXBuildFile; fileRef = E3D1CA852ACDC47300190621 /* ActivityConstans.swift */; };
		E3D1CA882ACDC4FC00190621 /* SoundConstants.swift in Sources */ = {isa = PBXBuildFile; fileRef = E3D1CA872ACDC4FC00190621 /* SoundConstants.swift */; };
		E3D1CA8A2ACDE66700190621 /* SplashScreenView.swift in Sources */ = {isa = PBXBuildFile; fileRef = E3D1CA892ACDE66700190621 /* SplashScreenView.swift */; };
		E3D1CA8C2AD08A2900190621 /* FourGradientCircles.swift in Sources */ = {isa = PBXBuildFile; fileRef = E3D1CA8B2AD08A2900190621 /* FourGradientCircles.swift */; };
		E3D1CA8E2AD1844400190621 /* TrackdriftRegular.ttf in Resources */ = {isa = PBXBuildFile; fileRef = E3D1CA8D2AD1844400190621 /* TrackdriftRegular.ttf */; };
		E3D1CA912AD1849D00190621 /* CustomFont.swift in Sources */ = {isa = PBXBuildFile; fileRef = E3D1CA902AD1849D00190621 /* CustomFont.swift */; };
		E3D1CA932AD30CFF00190621 /* ImageConstants.swift in Sources */ = {isa = PBXBuildFile; fileRef = E3D1CA922AD30CFF00190621 /* ImageConstants.swift */; };
		E3D1CA972AD34E5200190621 /* Alcatraz.otf in Resources */ = {isa = PBXBuildFile; fileRef = E3D1CA962AD34E5200190621 /* Alcatraz.otf */; };
		E3D1CA9B2AD3614D00190621 /* EnableNotifications.swift in Sources */ = {isa = PBXBuildFile; fileRef = E3D1CA9A2AD3614D00190621 /* EnableNotifications.swift */; };
		E3D1CA9D2AD364C500190621 /* MainGradient.swift in Sources */ = {isa = PBXBuildFile; fileRef = E3D1CA9C2AD364C500190621 /* MainGradient.swift */; };
		E3D1CA9F2AD365E800190621 /* ScreenConstans.swift in Sources */ = {isa = PBXBuildFile; fileRef = E3D1CA9E2AD365E800190621 /* ScreenConstans.swift */; };
		E3D1CAA12AD36A8200190621 /* ButtonView.swift in Sources */ = {isa = PBXBuildFile; fileRef = E3D1CAA02AD36A8200190621 /* ButtonView.swift */; };
		E3D1CAA32AD4323E00190621 /* AddEditAlarmView.swift in Sources */ = {isa = PBXBuildFile; fileRef = E3D1CAA22AD4323E00190621 /* AddEditAlarmView.swift */; };
		E3D1CAA52AD43C1F00190621 /* AlarmManageView.swift in Sources */ = {isa = PBXBuildFile; fileRef = E3D1CAA42AD43C1F00190621 /* AlarmManageView.swift */; };
		E3D1CAA72AD446E900190621 /* AddSaveMangeView.swift in Sources */ = {isa = PBXBuildFile; fileRef = E3D1CAA62AD446E900190621 /* AddSaveMangeView.swift */; };
		E3D1CAA92AD5BE2A00190621 /* GoogleService-Info.plist in Resources */ = {isa = PBXBuildFile; fileRef = E3D1CAA82AD5BE2A00190621 /* GoogleService-Info.plist */; };
		E3D1CAAC2AD5BF2A00190621 /* FirebaseAnalytics in Frameworks */ = {isa = PBXBuildFile; productRef = E3D1CAAB2AD5BF2A00190621 /* FirebaseAnalytics */; };
		E3D1CAAE2AD5BF2A00190621 /* FirebaseAuth in Frameworks */ = {isa = PBXBuildFile; productRef = E3D1CAAD2AD5BF2A00190621 /* FirebaseAuth */; };
		E3D1CAB02AD5BF2A00190621 /* FirebaseFirestore in Frameworks */ = {isa = PBXBuildFile; productRef = E3D1CAAF2AD5BF2A00190621 /* FirebaseFirestore */; };
		E3D1CAB22AD5BF2A00190621 /* FirebaseFirestoreSwift in Frameworks */ = {isa = PBXBuildFile; productRef = E3D1CAB12AD5BF2A00190621 /* FirebaseFirestoreSwift */; };
		E3D1CAB42AD5BF2A00190621 /* FirebaseStorage in Frameworks */ = {isa = PBXBuildFile; productRef = E3D1CAB32AD5BF2A00190621 /* FirebaseStorage */; };
		E3D1CAB62AD5C1AA00190621 /* CancelSaveAlarm.swift in Sources */ = {isa = PBXBuildFile; fileRef = E3D1CAB52AD5C1AA00190621 /* CancelSaveAlarm.swift */; };
		E3D1CAB82AD5C3D000190621 /* AlarmToggleView.swift in Sources */ = {isa = PBXBuildFile; fileRef = E3D1CAB72AD5C3D000190621 /* AlarmToggleView.swift */; };
		E3D1CABA2AD5C4B400190621 /* TheToggleView.swift in Sources */ = {isa = PBXBuildFile; fileRef = E3D1CAB92AD5C4B400190621 /* TheToggleView.swift */; };
		E3D1CABC2AD600C600190621 /* TimePicker.swift in Sources */ = {isa = PBXBuildFile; fileRef = E3D1CABB2AD600C600190621 /* TimePicker.swift */; };
		E3D1CABE2AD62B3A00190621 /* SelectActivityView.swift in Sources */ = {isa = PBXBuildFile; fileRef = E3D1CABD2AD62B3A00190621 /* SelectActivityView.swift */; };
		E3D1CAC02AD649D100190621 /* ListOfTheAlarmsView.swift in Sources */ = {isa = PBXBuildFile; fileRef = E3D1CABF2AD649D100190621 /* ListOfTheAlarmsView.swift */; };
		E3D1CAC22AD7049300190621 /* AlarmRowMenu.swift in Sources */ = {isa = PBXBuildFile; fileRef = E3D1CAC12AD7049300190621 /* AlarmRowMenu.swift */; };
		E3D1CAC42AD85B0800190621 /* AddEditCircularAlarmView.swift in Sources */ = {isa = PBXBuildFile; fileRef = E3D1CAC32AD85B0800190621 /* AddEditCircularAlarmView.swift */; };
		E3D1CAC62AD85D5500190621 /* CircularTimeView.swift in Sources */ = {isa = PBXBuildFile; fileRef = E3D1CAC52AD85D5500190621 /* CircularTimeView.swift */; };
		E3D1CAC92AD8635000190621 /* CenteralDatePickerView.swift in Sources */ = {isa = PBXBuildFile; fileRef = E3D1CAC82AD8635000190621 /* CenteralDatePickerView.swift */; };
		E3D1CACB2AD877C300190621 /* TimeArcView.swift in Sources */ = {isa = PBXBuildFile; fileRef = E3D1CACA2AD877C300190621 /* TimeArcView.swift */; };
		E3D1CACD2AD8A27700190621 /* CircularTimeIcon.swift in Sources */ = {isa = PBXBuildFile; fileRef = E3D1CACC2AD8A27700190621 /* CircularTimeIcon.swift */; };
		E3D1CACF2AD8A81800190621 /* MainAddEditView.swift in Sources */ = {isa = PBXBuildFile; fileRef = E3D1CACE2AD8A81800190621 /* MainAddEditView.swift */; };
/* End PBXBuildFile section */

/* Begin PBXFileReference section */
		E328A1542ACA09FF00B3E3B6 /* alarmApp.app */ = {isa = PBXFileReference; explicitFileType = wrapper.application; includeInIndex = 0; path = alarmApp.app; sourceTree = BUILT_PRODUCTS_DIR; };
		E328A1572ACA09FF00B3E3B6 /* alarmAppApp.swift */ = {isa = PBXFileReference; lastKnownFileType = sourcecode.swift; path = alarmAppApp.swift; sourceTree = "<group>"; };
		E328A1592ACA09FF00B3E3B6 /* MainAlarmView.swift */ = {isa = PBXFileReference; lastKnownFileType = sourcecode.swift; path = MainAlarmView.swift; sourceTree = "<group>"; };
		E328A15B2ACA0A0100B3E3B6 /* Assets.xcassets */ = {isa = PBXFileReference; lastKnownFileType = folder.assetcatalog; path = Assets.xcassets; sourceTree = "<group>"; };
		E328A15E2ACA0A0100B3E3B6 /* Preview Assets.xcassets */ = {isa = PBXFileReference; lastKnownFileType = folder.assetcatalog; path = "Preview Assets.xcassets"; sourceTree = "<group>"; };
		E328A18C2ACA12E400B3E3B6 /* en */ = {isa = PBXFileReference; lastKnownFileType = text.plist.strings; name = en; path = en.lproj/Localizable.strings; sourceTree = "<group>"; };
		E328A18E2ACA12E600B3E3B6 /* ru */ = {isa = PBXFileReference; lastKnownFileType = text.plist.strings; name = ru; path = ru.lproj/Localizable.strings; sourceTree = "<group>"; };
		E328A18F2ACA12E700B3E3B6 /* sv */ = {isa = PBXFileReference; lastKnownFileType = text.plist.strings; name = sv; path = sv.lproj/Localizable.strings; sourceTree = "<group>"; };
		E328A1902ACA1A7D00B3E3B6 /* GrayTextView.swift */ = {isa = PBXFileReference; lastKnownFileType = sourcecode.swift; path = GrayTextView.swift; sourceTree = "<group>"; };
		E3D1CA7B2ACABD1300190621 /* ColorConstants.swift */ = {isa = PBXFileReference; lastKnownFileType = sourcecode.swift; path = ColorConstants.swift; sourceTree = "<group>"; };
		E3D1CA7D2ACB05AB00190621 /* TimeOfDayIcon.swift */ = {isa = PBXFileReference; lastKnownFileType = sourcecode.swift; path = TimeOfDayIcon.swift; sourceTree = "<group>"; };
		E3D1CA7F2ACB067100190621 /* Time&DateSupport.swift */ = {isa = PBXFileReference; lastKnownFileType = sourcecode.swift; path = "Time&DateSupport.swift"; sourceTree = "<group>"; };
		E3D1CA812ACC875A00190621 /* TimeModel.swift */ = {isa = PBXFileReference; lastKnownFileType = sourcecode.swift; path = TimeModel.swift; sourceTree = "<group>"; };
		E3D1CA832ACC8C4A00190621 /* AlarmModel.swift */ = {isa = PBXFileReference; lastKnownFileType = sourcecode.swift; path = AlarmModel.swift; sourceTree = "<group>"; };
		E3D1CA852ACDC47300190621 /* ActivityConstans.swift */ = {isa = PBXFileReference; lastKnownFileType = sourcecode.swift; path = ActivityConstans.swift; sourceTree = "<group>"; };
		E3D1CA872ACDC4FC00190621 /* SoundConstants.swift */ = {isa = PBXFileReference; lastKnownFileType = sourcecode.swift; path = SoundConstants.swift; sourceTree = "<group>"; };
		E3D1CA892ACDE66700190621 /* SplashScreenView.swift */ = {isa = PBXFileReference; lastKnownFileType = sourcecode.swift; path = SplashScreenView.swift; sourceTree = "<group>"; };
		E3D1CA8B2AD08A2900190621 /* FourGradientCircles.swift */ = {isa = PBXFileReference; lastKnownFileType = sourcecode.swift; path = FourGradientCircles.swift; sourceTree = "<group>"; };
		E3D1CA8D2AD1844400190621 /* TrackdriftRegular.ttf */ = {isa = PBXFileReference; lastKnownFileType = file; path = TrackdriftRegular.ttf; sourceTree = "<group>"; };
		E3D1CA902AD1849D00190621 /* CustomFont.swift */ = {isa = PBXFileReference; lastKnownFileType = sourcecode.swift; path = CustomFont.swift; sourceTree = "<group>"; };
		E3D1CA922AD30CFF00190621 /* ImageConstants.swift */ = {isa = PBXFileReference; lastKnownFileType = sourcecode.swift; path = ImageConstants.swift; sourceTree = "<group>"; };
		E3D1CA942AD34A5300190621 /* Info.plist */ = {isa = PBXFileReference; lastKnownFileType = text.plist; path = Info.plist; sourceTree = "<group>"; };
		E3D1CA962AD34E5200190621 /* Alcatraz.otf */ = {isa = PBXFileReference; lastKnownFileType = file; path = Alcatraz.otf; sourceTree = "<group>"; };
		E3D1CA9A2AD3614D00190621 /* EnableNotifications.swift */ = {isa = PBXFileReference; lastKnownFileType = sourcecode.swift; path = EnableNotifications.swift; sourceTree = "<group>"; };
		E3D1CA9C2AD364C500190621 /* MainGradient.swift */ = {isa = PBXFileReference; lastKnownFileType = sourcecode.swift; path = MainGradient.swift; sourceTree = "<group>"; };
		E3D1CA9E2AD365E800190621 /* ScreenConstans.swift */ = {isa = PBXFileReference; lastKnownFileType = sourcecode.swift; path = ScreenConstans.swift; sourceTree = "<group>"; };
		E3D1CAA02AD36A8200190621 /* ButtonView.swift */ = {isa = PBXFileReference; lastKnownFileType = sourcecode.swift; path = ButtonView.swift; sourceTree = "<group>"; };
		E3D1CAA22AD4323E00190621 /* AddEditAlarmView.swift */ = {isa = PBXFileReference; lastKnownFileType = sourcecode.swift; path = AddEditAlarmView.swift; sourceTree = "<group>"; };
		E3D1CAA42AD43C1F00190621 /* AlarmManageView.swift */ = {isa = PBXFileReference; lastKnownFileType = sourcecode.swift; path = AlarmManageView.swift; sourceTree = "<group>"; };
		E3D1CAA62AD446E900190621 /* AddSaveMangeView.swift */ = {isa = PBXFileReference; lastKnownFileType = sourcecode.swift; path = AddSaveMangeView.swift; sourceTree = "<group>"; };
		E3D1CAA82AD5BE2A00190621 /* GoogleService-Info.plist */ = {isa = PBXFileReference; fileEncoding = 4; lastKnownFileType = text.plist.xml; path = "GoogleService-Info.plist"; sourceTree = "<group>"; };
		E3D1CAB52AD5C1AA00190621 /* CancelSaveAlarm.swift */ = {isa = PBXFileReference; lastKnownFileType = sourcecode.swift; path = CancelSaveAlarm.swift; sourceTree = "<group>"; };
		E3D1CAB72AD5C3D000190621 /* AlarmToggleView.swift */ = {isa = PBXFileReference; lastKnownFileType = sourcecode.swift; path = AlarmToggleView.swift; sourceTree = "<group>"; };
		E3D1CAB92AD5C4B400190621 /* TheToggleView.swift */ = {isa = PBXFileReference; lastKnownFileType = sourcecode.swift; path = TheToggleView.swift; sourceTree = "<group>"; };
		E3D1CABB2AD600C600190621 /* TimePicker.swift */ = {isa = PBXFileReference; lastKnownFileType = sourcecode.swift; path = TimePicker.swift; sourceTree = "<group>"; };
		E3D1CABD2AD62B3A00190621 /* SelectActivityView.swift */ = {isa = PBXFileReference; lastKnownFileType = sourcecode.swift; path = SelectActivityView.swift; sourceTree = "<group>"; };
		E3D1CABF2AD649D100190621 /* ListOfTheAlarmsView.swift */ = {isa = PBXFileReference; lastKnownFileType = sourcecode.swift; path = ListOfTheAlarmsView.swift; sourceTree = "<group>"; };
		E3D1CAC12AD7049300190621 /* AlarmRowMenu.swift */ = {isa = PBXFileReference; lastKnownFileType = sourcecode.swift; path = AlarmRowMenu.swift; sourceTree = "<group>"; };
		E3D1CAC32AD85B0800190621 /* AddEditCircularAlarmView.swift */ = {isa = PBXFileReference; lastKnownFileType = sourcecode.swift; path = AddEditCircularAlarmView.swift; sourceTree = "<group>"; };
		E3D1CAC52AD85D5500190621 /* CircularTimeView.swift */ = {isa = PBXFileReference; lastKnownFileType = sourcecode.swift; path = CircularTimeView.swift; sourceTree = "<group>"; };
		E3D1CAC82AD8635000190621 /* CenteralDatePickerView.swift */ = {isa = PBXFileReference; lastKnownFileType = sourcecode.swift; path = CenteralDatePickerView.swift; sourceTree = "<group>"; };
		E3D1CACA2AD877C300190621 /* TimeArcView.swift */ = {isa = PBXFileReference; lastKnownFileType = sourcecode.swift; path = TimeArcView.swift; sourceTree = "<group>"; };
		E3D1CACC2AD8A27700190621 /* CircularTimeIcon.swift */ = {isa = PBXFileReference; lastKnownFileType = sourcecode.swift; path = CircularTimeIcon.swift; sourceTree = "<group>"; };
		E3D1CACE2AD8A81800190621 /* MainAddEditView.swift */ = {isa = PBXFileReference; lastKnownFileType = sourcecode.swift; path = MainAddEditView.swift; sourceTree = "<group>"; };
/* End PBXFileReference section */

/* Begin PBXFrameworksBuildPhase section */
		E328A1512ACA09FF00B3E3B6 /* Frameworks */ = {
			isa = PBXFrameworksBuildPhase;
			buildActionMask = 2147483647;
			files = (
				E3D1CAAC2AD5BF2A00190621 /* FirebaseAnalytics in Frameworks */,
				E3D1CAAE2AD5BF2A00190621 /* FirebaseAuth in Frameworks */,
				E3D1CAB02AD5BF2A00190621 /* FirebaseFirestore in Frameworks */,
				E3D1CAB42AD5BF2A00190621 /* FirebaseStorage in Frameworks */,
				E3D1CAB22AD5BF2A00190621 /* FirebaseFirestoreSwift in Frameworks */,
			);
			runOnlyForDeploymentPostprocessing = 0;
		};
/* End PBXFrameworksBuildPhase section */

/* Begin PBXGroup section */
		E328A14B2ACA09FF00B3E3B6 = {
			isa = PBXGroup;
			children = (
				E328A1562ACA09FF00B3E3B6 /* alarmApp */,
				E328A1552ACA09FF00B3E3B6 /* Products */,
			);
			sourceTree = "<group>";
		};
		E328A1552ACA09FF00B3E3B6 /* Products */ = {
			isa = PBXGroup;
			children = (
				E328A1542ACA09FF00B3E3B6 /* alarmApp.app */,
			);
			name = Products;
			sourceTree = "<group>";
		};
		E328A1562ACA09FF00B3E3B6 /* alarmApp */ = {
			isa = PBXGroup;
			children = (
				E3D1CAA82AD5BE2A00190621 /* GoogleService-Info.plist */,
				E3D1CA942AD34A5300190621 /* Info.plist */,
				E328A16C2ACA0A9200B3E3B6 /* Sound */,
				E328A16B2ACA0A7F00B3E3B6 /* Notification */,
				E328A16A2ACA0A6E00B3E3B6 /* Time&Date */,
				E328A1692ACA0A6400B3E3B6 /* Fonts */,
				E328A1682ACA0A4F00B3E3B6 /* Constants */,
				E328A1672ACA0A3A00B3E3B6 /* Views */,
				E328A1662ACA0A2900B3E3B6 /* ViewModel */,
				E328A1652ACA0A1900B3E3B6 /* Model */,
				E328A1572ACA09FF00B3E3B6 /* alarmAppApp.swift */,
				E328A15B2ACA0A0100B3E3B6 /* Assets.xcassets */,
				E328A15D2ACA0A0100B3E3B6 /* Preview Content */,
				E328A18D2ACA12E400B3E3B6 /* Localizable.strings */,
			);
			path = alarmApp;
			sourceTree = "<group>";
		};
		E328A15D2ACA0A0100B3E3B6 /* Preview Content */ = {
			isa = PBXGroup;
			children = (
				E328A15E2ACA0A0100B3E3B6 /* Preview Assets.xcassets */,
			);
			path = "Preview Content";
			sourceTree = "<group>";
		};
		E328A1652ACA0A1900B3E3B6 /* Model */ = {
			isa = PBXGroup;
			children = (
				E3D1CA812ACC875A00190621 /* TimeModel.swift */,
				E3D1CA832ACC8C4A00190621 /* AlarmModel.swift */,
			);
			path = Model;
			sourceTree = "<group>";
		};
		E328A1662ACA0A2900B3E3B6 /* ViewModel */ = {
			isa = PBXGroup;
			children = (
			);
			path = ViewModel;
			sourceTree = "<group>";
		};
		E328A1672ACA0A3A00B3E3B6 /* Views */ = {
			isa = PBXGroup;
			children = (
				E328A1702ACA0AE500B3E3B6 /* Unused Views */,
				E328A16F2ACA0AD400B3E3B6 /* Supporting Views */,
				E328A16E2ACA0AC800B3E3B6 /* Sub Views */,
				E328A16D2ACA0AB900B3E3B6 /* Main Views */,
			);
			path = Views;
			sourceTree = "<group>";
		};
		E328A1682ACA0A4F00B3E3B6 /* Constants */ = {
			isa = PBXGroup;
			children = (
				E3D1CA872ACDC4FC00190621 /* SoundConstants.swift */,
				E3D1CA7B2ACABD1300190621 /* ColorConstants.swift */,
				E3D1CA852ACDC47300190621 /* ActivityConstans.swift */,
				E3D1CA922AD30CFF00190621 /* ImageConstants.swift */,
				E3D1CA9E2AD365E800190621 /* ScreenConstans.swift */,
			);
			path = Constants;
			sourceTree = "<group>";
		};
		E328A1692ACA0A6400B3E3B6 /* Fonts */ = {
			isa = PBXGroup;
			children = (
				E3D1CA962AD34E5200190621 /* Alcatraz.otf */,
				E3D1CA8D2AD1844400190621 /* TrackdriftRegular.ttf */,
			);
			path = Fonts;
			sourceTree = "<group>";
		};
		E328A16A2ACA0A6E00B3E3B6 /* Time&Date */ = {
			isa = PBXGroup;
			children = (
				E3D1CA7F2ACB067100190621 /* Time&DateSupport.swift */,
			);
			path = "Time&Date";
			sourceTree = "<group>";
		};
		E328A16B2ACA0A7F00B3E3B6 /* Notification */ = {
			isa = PBXGroup;
			children = (
			);
			path = Notification;
			sourceTree = "<group>";
		};
		E328A16C2ACA0A9200B3E3B6 /* Sound */ = {
			isa = PBXGroup;
			children = (
			);
			path = Sound;
			sourceTree = "<group>";
		};
		E328A16D2ACA0AB900B3E3B6 /* Main Views */ = {
			isa = PBXGroup;
			children = (
				E3D1CABF2AD649D100190621 /* ListOfTheAlarmsView.swift */,
				E328A1592ACA09FF00B3E3B6 /* MainAlarmView.swift */,
				E3D1CA892ACDE66700190621 /* SplashScreenView.swift */,
				E3D1CAA22AD4323E00190621 /* AddEditAlarmView.swift */,
				E3D1CAC32AD85B0800190621 /* AddEditCircularAlarmView.swift */,
				E3D1CACE2AD8A81800190621 /* MainAddEditView.swift */,
			);
			path = "Main Views";
			sourceTree = "<group>";
		};
		E328A16E2ACA0AC800B3E3B6 /* Sub Views */ = {
			isa = PBXGroup;
			children = (
				E3D1CA9A2AD3614D00190621 /* EnableNotifications.swift */,
				E3D1CAA42AD43C1F00190621 /* AlarmManageView.swift */,
				E3D1CAA62AD446E900190621 /* AddSaveMangeView.swift */,
			);
			path = "Sub Views";
			sourceTree = "<group>";
		};
		E328A16F2ACA0AD400B3E3B6 /* Supporting Views */ = {
			isa = PBXGroup;
			children = (
				E3D1CAC72AD862E700190621 /* Circular Time View */,
				E328A1902ACA1A7D00B3E3B6 /* GrayTextView.swift */,
				E3D1CA7D2ACB05AB00190621 /* TimeOfDayIcon.swift */,
				E3D1CA8B2AD08A2900190621 /* FourGradientCircles.swift */,
				E3D1CA902AD1849D00190621 /* CustomFont.swift */,
				E3D1CA9C2AD364C500190621 /* MainGradient.swift */,
				E3D1CAA02AD36A8200190621 /* ButtonView.swift */,
				E3D1CAB52AD5C1AA00190621 /* CancelSaveAlarm.swift */,
				E3D1CAB72AD5C3D000190621 /* AlarmToggleView.swift */,
				E3D1CAB92AD5C4B400190621 /* TheToggleView.swift */,
				E3D1CABB2AD600C600190621 /* TimePicker.swift */,
				E3D1CABD2AD62B3A00190621 /* SelectActivityView.swift */,
				E3D1CAC12AD7049300190621 /* AlarmRowMenu.swift */,
			);
			path = "Supporting Views";
			sourceTree = "<group>";
		};
		E328A1702ACA0AE500B3E3B6 /* Unused Views */ = {
			isa = PBXGroup;
			children = (
			);
			path = "Unused Views";
			sourceTree = "<group>";
		};
		E3D1CAC72AD862E700190621 /* Circular Time View */ = {
			isa = PBXGroup;
			children = (
				E3D1CAC52AD85D5500190621 /* CircularTimeView.swift */,
				E3D1CAC82AD8635000190621 /* CenteralDatePickerView.swift */,
				E3D1CACA2AD877C300190621 /* TimeArcView.swift */,
				E3D1CACC2AD8A27700190621 /* CircularTimeIcon.swift */,
			);
			path = "Circular Time View";
			sourceTree = "<group>";
		};
/* End PBXGroup section */

/* Begin PBXNativeTarget section */
		E328A1532ACA09FF00B3E3B6 /* alarmApp */ = {
			isa = PBXNativeTarget;
			buildConfigurationList = E328A1622ACA0A0100B3E3B6 /* Build configuration list for PBXNativeTarget "alarmApp" */;
			buildPhases = (
				E328A1502ACA09FF00B3E3B6 /* Sources */,
				E328A1512ACA09FF00B3E3B6 /* Frameworks */,
				E328A1522ACA09FF00B3E3B6 /* Resources */,
			);
			buildRules = (
			);
			dependencies = (
			);
			name = alarmApp;
			packageProductDependencies = (
				E3D1CAAB2AD5BF2A00190621 /* FirebaseAnalytics */,
				E3D1CAAD2AD5BF2A00190621 /* FirebaseAuth */,
				E3D1CAAF2AD5BF2A00190621 /* FirebaseFirestore */,
				E3D1CAB12AD5BF2A00190621 /* FirebaseFirestoreSwift */,
				E3D1CAB32AD5BF2A00190621 /* FirebaseStorage */,
			);
			productName = alarmApp;
			productReference = E328A1542ACA09FF00B3E3B6 /* alarmApp.app */;
			productType = "com.apple.product-type.application";
		};
/* End PBXNativeTarget section */

/* Begin PBXProject section */
		E328A14C2ACA09FF00B3E3B6 /* Project object */ = {
			isa = PBXProject;
			attributes = {
				BuildIndependentTargetsInParallel = 1;
				LastSwiftUpdateCheck = 1420;
				LastUpgradeCheck = 1420;
				TargetAttributes = {
					E328A1532ACA09FF00B3E3B6 = {
						CreatedOnToolsVersion = 14.2;
					};
				};
			};
			buildConfigurationList = E328A14F2ACA09FF00B3E3B6 /* Build configuration list for PBXProject "alarmApp" */;
			compatibilityVersion = "Xcode 14.0";
			developmentRegion = en;
			hasScannedForEncodings = 0;
			knownRegions = (
				en,
				sv,
				ru,
			);
			mainGroup = E328A14B2ACA09FF00B3E3B6;
			packageReferences = (
				E3D1CAAA2AD5BF2A00190621 /* XCRemoteSwiftPackageReference "firebase-ios-sdk" */,
			);
			productRefGroup = E328A1552ACA09FF00B3E3B6 /* Products */;
			projectDirPath = "";
			projectRoot = "";
			targets = (
				E328A1532ACA09FF00B3E3B6 /* alarmApp */,
			);
		};
/* End PBXProject section */

/* Begin PBXResourcesBuildPhase section */
		E328A1522ACA09FF00B3E3B6 /* Resources */ = {
			isa = PBXResourcesBuildPhase;
			buildActionMask = 2147483647;
			files = (
				E328A15F2ACA0A0100B3E3B6 /* Preview Assets.xcassets in Resources */,
				E328A18B2ACA12E400B3E3B6 /* Localizable.strings in Resources */,
				E3D1CA972AD34E5200190621 /* Alcatraz.otf in Resources */,
				E3D1CA8E2AD1844400190621 /* TrackdriftRegular.ttf in Resources */,
				E328A15C2ACA0A0100B3E3B6 /* Assets.xcassets in Resources */,
				E3D1CAA92AD5BE2A00190621 /* GoogleService-Info.plist in Resources */,
			);
			runOnlyForDeploymentPostprocessing = 0;
		};
/* End PBXResourcesBuildPhase section */

/* Begin PBXSourcesBuildPhase section */
		E328A1502ACA09FF00B3E3B6 /* Sources */ = {
			isa = PBXSourcesBuildPhase;
			buildActionMask = 2147483647;
			files = (
				E3D1CAC62AD85D5500190621 /* CircularTimeView.swift in Sources */,
				E3D1CA9D2AD364C500190621 /* MainGradient.swift in Sources */,
				E328A15A2ACA09FF00B3E3B6 /* MainAlarmView.swift in Sources */,
				E3D1CA842ACC8C4A00190621 /* AlarmModel.swift in Sources */,
				E3D1CA862ACDC47300190621 /* ActivityConstans.swift in Sources */,
				E3D1CAC92AD8635000190621 /* CenteralDatePickerView.swift in Sources */,
				E3D1CABC2AD600C600190621 /* TimePicker.swift in Sources */,
				E3D1CABA2AD5C4B400190621 /* TheToggleView.swift in Sources */,
				E3D1CA912AD1849D00190621 /* CustomFont.swift in Sources */,
				E3D1CAC42AD85B0800190621 /* AddEditCircularAlarmView.swift in Sources */,
				E3D1CAC22AD7049300190621 /* AlarmRowMenu.swift in Sources */,
				E3D1CAB82AD5C3D000190621 /* AlarmToggleView.swift in Sources */,
				E3D1CACB2AD877C300190621 /* TimeArcView.swift in Sources */,
				E3D1CAA52AD43C1F00190621 /* AlarmManageView.swift in Sources */,
				E3D1CAC02AD649D100190621 /* ListOfTheAlarmsView.swift in Sources */,
				E3D1CA882ACDC4FC00190621 /* SoundConstants.swift in Sources */,
				E3D1CA8A2ACDE66700190621 /* SplashScreenView.swift in Sources */,
				E328A1582ACA09FF00B3E3B6 /* alarmAppApp.swift in Sources */,
				E3D1CAA12AD36A8200190621 /* ButtonView.swift in Sources */,
				E3D1CA932AD30CFF00190621 /* ImageConstants.swift in Sources */,
				E3D1CACD2AD8A27700190621 /* CircularTimeIcon.swift in Sources */,
				E3D1CAB62AD5C1AA00190621 /* CancelSaveAlarm.swift in Sources */,
				E3D1CABE2AD62B3A00190621 /* SelectActivityView.swift in Sources */,
				E3D1CACF2AD8A81800190621 /* MainAddEditView.swift in Sources */,
				E328A1912ACA1A7D00B3E3B6 /* GrayTextView.swift in Sources */,
				E3D1CA822ACC875A00190621 /* TimeModel.swift in Sources */,
				E3D1CAA72AD446E900190621 /* AddSaveMangeView.swift in Sources */,
				E3D1CA7C2ACABD1300190621 /* ColorConstants.swift in Sources */,
				E3D1CA9B2AD3614D00190621 /* EnableNotifications.swift in Sources */,
				E3D1CA802ACB067100190621 /* Time&DateSupport.swift in Sources */,
				E3D1CA7E2ACB05AB00190621 /* TimeOfDayIcon.swift in Sources */,
				E3D1CA9F2AD365E800190621 /* ScreenConstans.swift in Sources */,
				E3D1CA8C2AD08A2900190621 /* FourGradientCircles.swift in Sources */,
				E3D1CAA32AD4323E00190621 /* AddEditAlarmView.swift in Sources */,
			);
			runOnlyForDeploymentPostprocessing = 0;
		};
/* End PBXSourcesBuildPhase section */

/* Begin PBXVariantGroup section */
		E328A18D2ACA12E400B3E3B6 /* Localizable.strings */ = {
			isa = PBXVariantGroup;
			children = (
				E328A18C2ACA12E400B3E3B6 /* en */,
				E328A18E2ACA12E600B3E3B6 /* ru */,
				E328A18F2ACA12E700B3E3B6 /* sv */,
			);
			name = Localizable.strings;
			sourceTree = "<group>";
		};
/* End PBXVariantGroup section */

/* Begin XCBuildConfiguration section */
		E328A1602ACA0A0100B3E3B6 /* Debug */ = {
			isa = XCBuildConfiguration;
			buildSettings = {
				ALWAYS_SEARCH_USER_PATHS = NO;
				CLANG_ANALYZER_NONNULL = YES;
				CLANG_ANALYZER_NUMBER_OBJECT_CONVERSION = YES_AGGRESSIVE;
				CLANG_CXX_LANGUAGE_STANDARD = "gnu++20";
				CLANG_ENABLE_MODULES = YES;
				CLANG_ENABLE_OBJC_ARC = YES;
				CLANG_ENABLE_OBJC_WEAK = YES;
				CLANG_WARN_BLOCK_CAPTURE_AUTORELEASING = YES;
				CLANG_WARN_BOOL_CONVERSION = YES;
				CLANG_WARN_COMMA = YES;
				CLANG_WARN_CONSTANT_CONVERSION = YES;
				CLANG_WARN_DEPRECATED_OBJC_IMPLEMENTATIONS = YES;
				CLANG_WARN_DIRECT_OBJC_ISA_USAGE = YES_ERROR;
				CLANG_WARN_DOCUMENTATION_COMMENTS = YES;
				CLANG_WARN_EMPTY_BODY = YES;
				CLANG_WARN_ENUM_CONVERSION = YES;
				CLANG_WARN_INFINITE_RECURSION = YES;
				CLANG_WARN_INT_CONVERSION = YES;
				CLANG_WARN_NON_LITERAL_NULL_CONVERSION = YES;
				CLANG_WARN_OBJC_IMPLICIT_RETAIN_SELF = YES;
				CLANG_WARN_OBJC_LITERAL_CONVERSION = YES;
				CLANG_WARN_OBJC_ROOT_CLASS = YES_ERROR;
				CLANG_WARN_QUOTED_INCLUDE_IN_FRAMEWORK_HEADER = YES;
				CLANG_WARN_RANGE_LOOP_ANALYSIS = YES;
				CLANG_WARN_STRICT_PROTOTYPES = YES;
				CLANG_WARN_SUSPICIOUS_MOVE = YES;
				CLANG_WARN_UNGUARDED_AVAILABILITY = YES_AGGRESSIVE;
				CLANG_WARN_UNREACHABLE_CODE = YES;
				CLANG_WARN__DUPLICATE_METHOD_MATCH = YES;
				COPY_PHASE_STRIP = NO;
				DEBUG_INFORMATION_FORMAT = dwarf;
				ENABLE_STRICT_OBJC_MSGSEND = YES;
				ENABLE_TESTABILITY = YES;
				GCC_C_LANGUAGE_STANDARD = gnu11;
				GCC_DYNAMIC_NO_PIC = NO;
				GCC_NO_COMMON_BLOCKS = YES;
				GCC_OPTIMIZATION_LEVEL = 0;
				GCC_PREPROCESSOR_DEFINITIONS = (
					"DEBUG=1",
					"$(inherited)",
				);
				GCC_WARN_64_TO_32_BIT_CONVERSION = YES;
				GCC_WARN_ABOUT_RETURN_TYPE = YES_ERROR;
				GCC_WARN_UNDECLARED_SELECTOR = YES;
				GCC_WARN_UNINITIALIZED_AUTOS = YES_AGGRESSIVE;
				GCC_WARN_UNUSED_FUNCTION = YES;
				GCC_WARN_UNUSED_VARIABLE = YES;
				IPHONEOS_DEPLOYMENT_TARGET = 16.0;
				MTL_ENABLE_DEBUG_INFO = INCLUDE_SOURCE;
				MTL_FAST_MATH = YES;
				ONLY_ACTIVE_ARCH = YES;
				SDKROOT = iphoneos;
				SWIFT_ACTIVE_COMPILATION_CONDITIONS = DEBUG;
				SWIFT_OPTIMIZATION_LEVEL = "-Onone";
			};
			name = Debug;
		};
		E328A1612ACA0A0100B3E3B6 /* Release */ = {
			isa = XCBuildConfiguration;
			buildSettings = {
				ALWAYS_SEARCH_USER_PATHS = NO;
				CLANG_ANALYZER_NONNULL = YES;
				CLANG_ANALYZER_NUMBER_OBJECT_CONVERSION = YES_AGGRESSIVE;
				CLANG_CXX_LANGUAGE_STANDARD = "gnu++20";
				CLANG_ENABLE_MODULES = YES;
				CLANG_ENABLE_OBJC_ARC = YES;
				CLANG_ENABLE_OBJC_WEAK = YES;
				CLANG_WARN_BLOCK_CAPTURE_AUTORELEASING = YES;
				CLANG_WARN_BOOL_CONVERSION = YES;
				CLANG_WARN_COMMA = YES;
				CLANG_WARN_CONSTANT_CONVERSION = YES;
				CLANG_WARN_DEPRECATED_OBJC_IMPLEMENTATIONS = YES;
				CLANG_WARN_DIRECT_OBJC_ISA_USAGE = YES_ERROR;
				CLANG_WARN_DOCUMENTATION_COMMENTS = YES;
				CLANG_WARN_EMPTY_BODY = YES;
				CLANG_WARN_ENUM_CONVERSION = YES;
				CLANG_WARN_INFINITE_RECURSION = YES;
				CLANG_WARN_INT_CONVERSION = YES;
				CLANG_WARN_NON_LITERAL_NULL_CONVERSION = YES;
				CLANG_WARN_OBJC_IMPLICIT_RETAIN_SELF = YES;
				CLANG_WARN_OBJC_LITERAL_CONVERSION = YES;
				CLANG_WARN_OBJC_ROOT_CLASS = YES_ERROR;
				CLANG_WARN_QUOTED_INCLUDE_IN_FRAMEWORK_HEADER = YES;
				CLANG_WARN_RANGE_LOOP_ANALYSIS = YES;
				CLANG_WARN_STRICT_PROTOTYPES = YES;
				CLANG_WARN_SUSPICIOUS_MOVE = YES;
				CLANG_WARN_UNGUARDED_AVAILABILITY = YES_AGGRESSIVE;
				CLANG_WARN_UNREACHABLE_CODE = YES;
				CLANG_WARN__DUPLICATE_METHOD_MATCH = YES;
				COPY_PHASE_STRIP = NO;
				DEBUG_INFORMATION_FORMAT = "dwarf-with-dsym";
				ENABLE_NS_ASSERTIONS = NO;
				ENABLE_STRICT_OBJC_MSGSEND = YES;
				GCC_C_LANGUAGE_STANDARD = gnu11;
				GCC_NO_COMMON_BLOCKS = YES;
				GCC_WARN_64_TO_32_BIT_CONVERSION = YES;
				GCC_WARN_ABOUT_RETURN_TYPE = YES_ERROR;
				GCC_WARN_UNDECLARED_SELECTOR = YES;
				GCC_WARN_UNINITIALIZED_AUTOS = YES_AGGRESSIVE;
				GCC_WARN_UNUSED_FUNCTION = YES;
				GCC_WARN_UNUSED_VARIABLE = YES;
				IPHONEOS_DEPLOYMENT_TARGET = 16.0;
				MTL_ENABLE_DEBUG_INFO = NO;
				MTL_FAST_MATH = YES;
				SDKROOT = iphoneos;
				SWIFT_COMPILATION_MODE = wholemodule;
				SWIFT_OPTIMIZATION_LEVEL = "-O";
				VALIDATE_PRODUCT = YES;
			};
			name = Release;
		};
		E328A1632ACA0A0100B3E3B6 /* Debug */ = {
			isa = XCBuildConfiguration;
			buildSettings = {
				ASSETCATALOG_COMPILER_APPICON_NAME = AppIcon;
				ASSETCATALOG_COMPILER_GLOBAL_ACCENT_COLOR_NAME = AccentColor;
				CODE_SIGN_STYLE = Automatic;
				CURRENT_PROJECT_VERSION = 1;
				DEVELOPMENT_ASSET_PATHS = "\"alarmApp/Preview Content\"";
				ENABLE_PREVIEWS = YES;
				GENERATE_INFOPLIST_FILE = YES;
				INFOPLIST_FILE = alarmApp/Info.plist;
				INFOPLIST_KEY_UIApplicationSceneManifest_Generation = YES;
				INFOPLIST_KEY_UIApplicationSupportsIndirectInputEvents = YES;
				INFOPLIST_KEY_UILaunchScreen_Generation = YES;
				INFOPLIST_KEY_UISupportedInterfaceOrientations_iPad = "UIInterfaceOrientationPortrait UIInterfaceOrientationPortraitUpsideDown UIInterfaceOrientationLandscapeLeft UIInterfaceOrientationLandscapeRight";
				INFOPLIST_KEY_UISupportedInterfaceOrientations_iPhone = "UIInterfaceOrientationPortrait UIInterfaceOrientationLandscapeLeft UIInterfaceOrientationLandscapeRight";
				LD_RUNPATH_SEARCH_PATHS = (
					"$(inherited)",
					"@executable_path/Frameworks",
				);
				MARKETING_VERSION = 1.0;
				PRODUCT_BUNDLE_IDENTIFIER = com.livbogdan.alarmApp;
				PRODUCT_NAME = "$(TARGET_NAME)";
				SWIFT_EMIT_LOC_STRINGS = YES;
				SWIFT_VERSION = 5.0;
				TARGETED_DEVICE_FAMILY = "1,2";
			};
			name = Debug;
		};
		E328A1642ACA0A0100B3E3B6 /* Release */ = {
			isa = XCBuildConfiguration;
			buildSettings = {
				ASSETCATALOG_COMPILER_APPICON_NAME = AppIcon;
				ASSETCATALOG_COMPILER_GLOBAL_ACCENT_COLOR_NAME = AccentColor;
				CODE_SIGN_STYLE = Automatic;
				CURRENT_PROJECT_VERSION = 1;
				DEVELOPMENT_ASSET_PATHS = "\"alarmApp/Preview Content\"";
				ENABLE_PREVIEWS = YES;
				GENERATE_INFOPLIST_FILE = YES;
				INFOPLIST_FILE = alarmApp/Info.plist;
				INFOPLIST_KEY_UIApplicationSceneManifest_Generation = YES;
				INFOPLIST_KEY_UIApplicationSupportsIndirectInputEvents = YES;
				INFOPLIST_KEY_UILaunchScreen_Generation = YES;
				INFOPLIST_KEY_UISupportedInterfaceOrientations_iPad = "UIInterfaceOrientationPortrait UIInterfaceOrientationPortraitUpsideDown UIInterfaceOrientationLandscapeLeft UIInterfaceOrientationLandscapeRight";
				INFOPLIST_KEY_UISupportedInterfaceOrientations_iPhone = "UIInterfaceOrientationPortrait UIInterfaceOrientationLandscapeLeft UIInterfaceOrientationLandscapeRight";
				LD_RUNPATH_SEARCH_PATHS = (
					"$(inherited)",
					"@executable_path/Frameworks",
				);
				MARKETING_VERSION = 1.0;
				PRODUCT_BUNDLE_IDENTIFIER = com.livbogdan.alarmApp;
				PRODUCT_NAME = "$(TARGET_NAME)";
				SWIFT_EMIT_LOC_STRINGS = YES;
				SWIFT_VERSION = 5.0;
				TARGETED_DEVICE_FAMILY = "1,2";
			};
			name = Release;
		};
/* End XCBuildConfiguration section */

/* Begin XCConfigurationList section */
		E328A14F2ACA09FF00B3E3B6 /* Build configuration list for PBXProject "alarmApp" */ = {
			isa = XCConfigurationList;
			buildConfigurations = (
				E328A1602ACA0A0100B3E3B6 /* Debug */,
				E328A1612ACA0A0100B3E3B6 /* Release */,
			);
			defaultConfigurationIsVisible = 0;
			defaultConfigurationName = Release;
		};
		E328A1622ACA0A0100B3E3B6 /* Build configuration list for PBXNativeTarget "alarmApp" */ = {
			isa = XCConfigurationList;
			buildConfigurations = (
				E328A1632ACA0A0100B3E3B6 /* Debug */,
				E328A1642ACA0A0100B3E3B6 /* Release */,
			);
			defaultConfigurationIsVisible = 0;
			defaultConfigurationName = Release;
		};
/* End XCConfigurationList section */

/* Begin XCRemoteSwiftPackageReference section */
		E3D1CAAA2AD5BF2A00190621 /* XCRemoteSwiftPackageReference "firebase-ios-sdk" */ = {
			isa = XCRemoteSwiftPackageReference;
			repositoryURL = "https://github.com/firebase/firebase-ios-sdk";
			requirement = {
				kind = upToNextMajorVersion;
				minimumVersion = 9.0.0;
			};
		};
/* End XCRemoteSwiftPackageReference section */

/* Begin XCSwiftPackageProductDependency section */
		E3D1CAAB2AD5BF2A00190621 /* FirebaseAnalytics */ = {
			isa = XCSwiftPackageProductDependency;
			package = E3D1CAAA2AD5BF2A00190621 /* XCRemoteSwiftPackageReference "firebase-ios-sdk" */;
			productName = FirebaseAnalytics;
		};
		E3D1CAAD2AD5BF2A00190621 /* FirebaseAuth */ = {
			isa = XCSwiftPackageProductDependency;
			package = E3D1CAAA2AD5BF2A00190621 /* XCRemoteSwiftPackageReference "firebase-ios-sdk" */;
			productName = FirebaseAuth;
		};
		E3D1CAAF2AD5BF2A00190621 /* FirebaseFirestore */ = {
			isa = XCSwiftPackageProductDependency;
			package = E3D1CAAA2AD5BF2A00190621 /* XCRemoteSwiftPackageReference "firebase-ios-sdk" */;
			productName = FirebaseFirestore;
		};
		E3D1CAB12AD5BF2A00190621 /* FirebaseFirestoreSwift */ = {
			isa = XCSwiftPackageProductDependency;
			package = E3D1CAAA2AD5BF2A00190621 /* XCRemoteSwiftPackageReference "firebase-ios-sdk" */;
			productName = FirebaseFirestoreSwift;
		};
		E3D1CAB32AD5BF2A00190621 /* FirebaseStorage */ = {
			isa = XCSwiftPackageProductDependency;
			package = E3D1CAAA2AD5BF2A00190621 /* XCRemoteSwiftPackageReference "firebase-ios-sdk" */;
			productName = FirebaseStorage;
		};
/* End XCSwiftPackageProductDependency section */
	};
	rootObject = E328A14C2ACA09FF00B3E3B6 /* Project object */;
}
